// !$*UTF8*$!
{
	archiveVersion = 1;
	classes = {
	};
	objectVersion = 51;
	objects = {

/* Begin PBXBuildFile section */
		770F43D7B08F123D65FC758D /* Pods_Cabinet_Recipes.framework in Frameworks */ = {isa = PBXBuildFile; fileRef = 0D5D934043DC7B54E62C6F90 /* Pods_Cabinet_Recipes.framework */; };
		B445BF46265D9D1600539A0B /* Cabinet_RecipesApp.swift in Sources */ = {isa = PBXBuildFile; fileRef = B445BF45265D9D1600539A0B /* Cabinet_RecipesApp.swift */; };
		B445BF48265D9D1600539A0B /* ContentView.swift in Sources */ = {isa = PBXBuildFile; fileRef = B445BF47265D9D1600539A0B /* ContentView.swift */; };
		B445BF4A265D9D1C00539A0B /* Assets.xcassets in Resources */ = {isa = PBXBuildFile; fileRef = B445BF49265D9D1C00539A0B /* Assets.xcassets */; };
		B445BF4D265D9D1C00539A0B /* Preview Assets.xcassets in Resources */ = {isa = PBXBuildFile; fileRef = B445BF4C265D9D1C00539A0B /* Preview Assets.xcassets */; };
		B445BF55265DA2CC00539A0B /* GoogleService-Info.plist in Resources */ = {isa = PBXBuildFile; fileRef = B445BF54265DA2CC00539A0B /* GoogleService-Info.plist */; };
		B455DD172661CFD7007174F0 /* RecipesListView.swift in Sources */ = {isa = PBXBuildFile; fileRef = B455DD162661CFD7007174F0 /* RecipesListView.swift */; };
		B455DD382662FDE2007174F0 /* RecipesTabView.swift in Sources */ = {isa = PBXBuildFile; fileRef = B455DD372662FDE2007174F0 /* RecipesTabView.swift */; };
		B455DD3A26632C0B007174F0 /* RecipesData.swift in Sources */ = {isa = PBXBuildFile; fileRef = B455DD3926632C0B007174F0 /* RecipesData.swift */; };
		B455DD57266823AA007174F0 /* RecipesDescriptionView.swift in Sources */ = {isa = PBXBuildFile; fileRef = B455DD56266823AA007174F0 /* RecipesDescriptionView.swift */; };
/* End PBXBuildFile section */

/* Begin PBXFileReference section */
		0D5D934043DC7B54E62C6F90 /* Pods_Cabinet_Recipes.framework */ = {isa = PBXFileReference; explicitFileType = wrapper.framework; includeInIndex = 0; path = Pods_Cabinet_Recipes.framework; sourceTree = BUILT_PRODUCTS_DIR; };
		0DC1B80C9CB7D171D6564C61 /* Pods-Cabinet Recipes.debug.xcconfig */ = {isa = PBXFileReference; includeInIndex = 1; lastKnownFileType = text.xcconfig; name = "Pods-Cabinet Recipes.debug.xcconfig"; path = "Target Support Files/Pods-Cabinet Recipes/Pods-Cabinet Recipes.debug.xcconfig"; sourceTree = "<group>"; };
		2D10680CB56C182265F41367 /* Pods-Cabinet Recipes.release.xcconfig */ = {isa = PBXFileReference; includeInIndex = 1; lastKnownFileType = text.xcconfig; name = "Pods-Cabinet Recipes.release.xcconfig"; path = "Target Support Files/Pods-Cabinet Recipes/Pods-Cabinet Recipes.release.xcconfig"; sourceTree = "<group>"; };
		B445BF42265D9D1600539A0B /* Cabinet Recipes.app */ = {isa = PBXFileReference; explicitFileType = wrapper.application; includeInIndex = 0; path = "Cabinet Recipes.app"; sourceTree = BUILT_PRODUCTS_DIR; };
		B445BF45265D9D1600539A0B /* Cabinet_RecipesApp.swift */ = {isa = PBXFileReference; lastKnownFileType = sourcecode.swift; path = Cabinet_RecipesApp.swift; sourceTree = "<group>"; };
		B445BF47265D9D1600539A0B /* ContentView.swift */ = {isa = PBXFileReference; lastKnownFileType = sourcecode.swift; path = ContentView.swift; sourceTree = "<group>"; };
		B445BF49265D9D1C00539A0B /* Assets.xcassets */ = {isa = PBXFileReference; lastKnownFileType = folder.assetcatalog; path = Assets.xcassets; sourceTree = "<group>"; };
		B445BF4C265D9D1C00539A0B /* Preview Assets.xcassets */ = {isa = PBXFileReference; lastKnownFileType = folder.assetcatalog; path = "Preview Assets.xcassets"; sourceTree = "<group>"; };
		B445BF4E265D9D1C00539A0B /* Info.plist */ = {isa = PBXFileReference; lastKnownFileType = text.plist.xml; path = Info.plist; sourceTree = "<group>"; };
		B445BF54265DA2CC00539A0B /* GoogleService-Info.plist */ = {isa = PBXFileReference; fileEncoding = 4; lastKnownFileType = text.plist.xml; path = "GoogleService-Info.plist"; sourceTree = "<group>"; };
		B455DD162661CFD7007174F0 /* RecipesListView.swift */ = {isa = PBXFileReference; lastKnownFileType = sourcecode.swift; path = RecipesListView.swift; sourceTree = "<group>"; };
		B455DD372662FDE2007174F0 /* RecipesTabView.swift */ = {isa = PBXFileReference; lastKnownFileType = sourcecode.swift; path = RecipesTabView.swift; sourceTree = "<group>"; };
		B455DD3926632C0B007174F0 /* RecipesData.swift */ = {isa = PBXFileReference; lastKnownFileType = sourcecode.swift; path = RecipesData.swift; sourceTree = "<group>"; };
		B455DD56266823AA007174F0 /* RecipesDescriptionView.swift */ = {isa = PBXFileReference; lastKnownFileType = sourcecode.swift; path = RecipesDescriptionView.swift; sourceTree = "<group>"; };
/* End PBXFileReference section */

/* Begin PBXFrameworksBuildPhase section */
		B445BF3F265D9D1600539A0B /* Frameworks */ = {
			isa = PBXFrameworksBuildPhase;
			buildActionMask = 2147483647;
			files = (
				770F43D7B08F123D65FC758D /* Pods_Cabinet_Recipes.framework in Frameworks */,
			);
			runOnlyForDeploymentPostprocessing = 0;
		};
/* End PBXFrameworksBuildPhase section */

/* Begin PBXGroup section */
		225149D61807F6E3D9F674D2 /* Pods */ = {
			isa = PBXGroup;
			children = (
				0DC1B80C9CB7D171D6564C61 /* Pods-Cabinet Recipes.debug.xcconfig */,
				2D10680CB56C182265F41367 /* Pods-Cabinet Recipes.release.xcconfig */,
			);
			path = Pods;
			sourceTree = "<group>";
		};
		2E8BBD38FB54D99F2A7F6997 /* Frameworks */ = {
			isa = PBXGroup;
			children = (
				0D5D934043DC7B54E62C6F90 /* Pods_Cabinet_Recipes.framework */,
			);
			name = Frameworks;
			sourceTree = "<group>";
		};
		B445BF39265D9D1500539A0B = {
			isa = PBXGroup;
			children = (
				B445BF44265D9D1600539A0B /* Cabinet Recipes */,
				B445BF43265D9D1600539A0B /* Products */,
				225149D61807F6E3D9F674D2 /* Pods */,
				2E8BBD38FB54D99F2A7F6997 /* Frameworks */,
			);
			sourceTree = "<group>";
		};
		B445BF43265D9D1600539A0B /* Products */ = {
			isa = PBXGroup;
			children = (
				B445BF42265D9D1600539A0B /* Cabinet Recipes.app */,
			);
			name = Products;
			sourceTree = "<group>";
		};
		B445BF44265D9D1600539A0B /* Cabinet Recipes */ = {
			isa = PBXGroup;
			children = (
				B445BF45265D9D1600539A0B /* Cabinet_RecipesApp.swift */,
				B455DD3926632C0B007174F0 /* RecipesData.swift */,
				B455DD56266823AA007174F0 /* RecipesDescriptionView.swift */,
				B455DD372662FDE2007174F0 /* RecipesTabView.swift */,
				B455DD162661CFD7007174F0 /* RecipesListView.swift */,
				B445BF47265D9D1600539A0B /* ContentView.swift */,
				B445BF49265D9D1C00539A0B /* Assets.xcassets */,
				B445BF54265DA2CC00539A0B /* GoogleService-Info.plist */,
				B445BF4E265D9D1C00539A0B /* Info.plist */,
				B445BF4B265D9D1C00539A0B /* Preview Content */,
			);
			path = "Cabinet Recipes";
			sourceTree = "<group>";
		};
		B445BF4B265D9D1C00539A0B /* Preview Content */ = {
			isa = PBXGroup;
			children = (
				B445BF4C265D9D1C00539A0B /* Preview Assets.xcassets */,
			);
			path = "Preview Content";
			sourceTree = "<group>";
		};
/* End PBXGroup section */

/* Begin PBXNativeTarget section */
		B445BF41265D9D1600539A0B /* Cabinet Recipes */ = {
			isa = PBXNativeTarget;
			buildConfigurationList = B445BF51265D9D1C00539A0B /* Build configuration list for PBXNativeTarget "Cabinet Recipes" */;
			buildPhases = (
				64B50258F298B00B477F40A9 /* [CP] Check Pods Manifest.lock */,
				B445BF3E265D9D1600539A0B /* Sources */,
				B445BF3F265D9D1600539A0B /* Frameworks */,
				B445BF40265D9D1600539A0B /* Resources */,
				7D8066793A9FA0B8B3939B37 /* [CP] Embed Pods Frameworks */,
			);
			buildRules = (
			);
			dependencies = (
			);
			name = "Cabinet Recipes";
			productName = "Cabinet Recipes";
			productReference = B445BF42265D9D1600539A0B /* Cabinet Recipes.app */;
			productType = "com.apple.product-type.application";
		};
/* End PBXNativeTarget section */

/* Begin PBXProject section */
		B445BF3A265D9D1500539A0B /* Project object */ = {
			isa = PBXProject;
			attributes = {
				LastSwiftUpdateCheck = 1250;
				LastUpgradeCheck = 1250;
				TargetAttributes = {
					B445BF41265D9D1600539A0B = {
						CreatedOnToolsVersion = 12.5;
					};
				};
			};
			buildConfigurationList = B445BF3D265D9D1500539A0B /* Build configuration list for PBXProject "Cabinet Recipes" */;
			compatibilityVersion = "Xcode 9.3";
			developmentRegion = en;
			hasScannedForEncodings = 0;
			knownRegions = (
				en,
				Base,
			);
			mainGroup = B445BF39265D9D1500539A0B;
			productRefGroup = B445BF43265D9D1600539A0B /* Products */;
			projectDirPath = "";
			projectRoot = "";
			targets = (
				B445BF41265D9D1600539A0B /* Cabinet Recipes */,
			);
		};
/* End PBXProject section */

/* Begin PBXResourcesBuildPhase section */
		B445BF40265D9D1600539A0B /* Resources */ = {
			isa = PBXResourcesBuildPhase;
			buildActionMask = 2147483647;
			files = (
				B445BF4D265D9D1C00539A0B /* Preview Assets.xcassets in Resources */,
				B445BF4A265D9D1C00539A0B /* Assets.xcassets in Resources */,
				B445BF55265DA2CC00539A0B /* GoogleService-Info.plist in Resources */,
			);
			runOnlyForDeploymentPostprocessing = 0;
		};
/* End PBXResourcesBuildPhase section */

/* Begin PBXShellScriptBuildPhase section */
		64B50258F298B00B477F40A9 /* [CP] Check Pods Manifest.lock */ = {
			isa = PBXShellScriptBuildPhase;
			buildActionMask = 2147483647;
			files = (
			);
			inputFileListPaths = (
			);
			inputPaths = (
				"${PODS_PODFILE_DIR_PATH}/Podfile.lock",
				"${PODS_ROOT}/Manifest.lock",
			);
			name = "[CP] Check Pods Manifest.lock";
			outputFileListPaths = (
			);
			outputPaths = (
				"$(DERIVED_FILE_DIR)/Pods-Cabinet Recipes-checkManifestLockResult.txt",
			);
			runOnlyForDeploymentPostprocessing = 0;
			shellPath = /bin/sh;
			shellScript = "diff \"${PODS_PODFILE_DIR_PATH}/Podfile.lock\" \"${PODS_ROOT}/Manifest.lock\" > /dev/null\nif [ $? != 0 ] ; then\n    # print error to STDERR\n    echo \"error: The sandbox is not in sync with the Podfile.lock. Run 'pod install' or update your CocoaPods installation.\" >&2\n    exit 1\nfi\n# This output is used by Xcode 'outputs' to avoid re-running this script phase.\necho \"SUCCESS\" > \"${SCRIPT_OUTPUT_FILE_0}\"\n";
			showEnvVarsInLog = 0;
		};
		7D8066793A9FA0B8B3939B37 /* [CP] Embed Pods Frameworks */ = {
			isa = PBXShellScriptBuildPhase;
			buildActionMask = 2147483647;
			files = (
			);
			inputFileListPaths = (
				"${PODS_ROOT}/Target Support Files/Pods-Cabinet Recipes/Pods-Cabinet Recipes-frameworks-${CONFIGURATION}-input-files.xcfilelist",
			);
			name = "[CP] Embed Pods Frameworks";
			outputFileListPaths = (
				"${PODS_ROOT}/Target Support Files/Pods-Cabinet Recipes/Pods-Cabinet Recipes-frameworks-${CONFIGURATION}-output-files.xcfilelist",
			);
			runOnlyForDeploymentPostprocessing = 0;
			shellPath = /bin/sh;
			shellScript = "\"${PODS_ROOT}/Target Support Files/Pods-Cabinet Recipes/Pods-Cabinet Recipes-frameworks.sh\"\n";
			showEnvVarsInLog = 0;
		};
/* End PBXShellScriptBuildPhase section */

/* Begin PBXSourcesBuildPhase section */
		B445BF3E265D9D1600539A0B /* Sources */ = {
			isa = PBXSourcesBuildPhase;
			buildActionMask = 2147483647;
			files = (
				B455DD382662FDE2007174F0 /* RecipesTabView.swift in Sources */,
				B455DD57266823AA007174F0 /* RecipesDescriptionView.swift in Sources */,
				B445BF48265D9D1600539A0B /* ContentView.swift in Sources */,
				B455DD3A26632C0B007174F0 /* RecipesData.swift in Sources */,
				B455DD172661CFD7007174F0 /* RecipesListView.swift in Sources */,
				B445BF46265D9D1600539A0B /* Cabinet_RecipesApp.swift in Sources */,
			);
			runOnlyForDeploymentPostprocessing = 0;
		};
/* End PBXSourcesBuildPhase section */

/* Begin XCBuildConfiguration section */
		B445BF4F265D9D1C00539A0B /* Debug */ = {
			isa = XCBuildConfiguration;
			buildSettings = {
				ALWAYS_SEARCH_USER_PATHS = NO;
				CLANG_ANALYZER_NONNULL = YES;
				CLANG_ANALYZER_NUMBER_OBJECT_CONVERSION = YES_AGGRESSIVE;
				CLANG_CXX_LANGUAGE_STANDARD = "gnu++14";
				CLANG_CXX_LIBRARY = "libc++";
				CLANG_ENABLE_MODULES = YES;
				CLANG_ENABLE_OBJC_ARC = YES;
				CLANG_ENABLE_OBJC_WEAK = YES;
				CLANG_WARN_BLOCK_CAPTURE_AUTORELEASING = YES;
				CLANG_WARN_BOOL_CONVERSION = YES;
				CLANG_WARN_COMMA = YES;
				CLANG_WARN_CONSTANT_CONVERSION = YES;
				CLANG_WARN_DEPRECATED_OBJC_IMPLEMENTATIONS = YES;
				CLANG_WARN_DIRECT_OBJC_ISA_USAGE = YES_ERROR;
				CLANG_WARN_DOCUMENTATION_COMMENTS = YES;
				CLANG_WARN_EMPTY_BODY = YES;
				CLANG_WARN_ENUM_CONVERSION = YES;
				CLANG_WARN_INFINITE_RECURSION = YES;
				CLANG_WARN_INT_CONVERSION = YES;
				CLANG_WARN_NON_LITERAL_NULL_CONVERSION = YES;
				CLANG_WARN_OBJC_IMPLICIT_RETAIN_SELF = YES;
				CLANG_WARN_OBJC_LITERAL_CONVERSION = YES;
				CLANG_WARN_OBJC_ROOT_CLASS = YES_ERROR;
				CLANG_WARN_QUOTED_INCLUDE_IN_FRAMEWORK_HEADER = YES;
				CLANG_WARN_RANGE_LOOP_ANALYSIS = YES;
				CLANG_WARN_STRICT_PROTOTYPES = YES;
				CLANG_WARN_SUSPICIOUS_MOVE = YES;
				CLANG_WARN_UNGUARDED_AVAILABILITY = YES_AGGRESSIVE;
				CLANG_WARN_UNREACHABLE_CODE = YES;
				CLANG_WARN__DUPLICATE_METHOD_MATCH = YES;
				COPY_PHASE_STRIP = NO;
				DEBUG_INFORMATION_FORMAT = dwarf;
				ENABLE_STRICT_OBJC_MSGSEND = YES;
				ENABLE_TESTABILITY = YES;
				GCC_C_LANGUAGE_STANDARD = gnu11;
				GCC_DYNAMIC_NO_PIC = NO;
				GCC_NO_COMMON_BLOCKS = YES;
				GCC_OPTIMIZATION_LEVEL = 0;
				GCC_PREPROCESSOR_DEFINITIONS = (
					"DEBUG=1",
					"$(inherited)",
				);
				GCC_WARN_64_TO_32_BIT_CONVERSION = YES;
				GCC_WARN_ABOUT_RETURN_TYPE = YES_ERROR;
				GCC_WARN_UNDECLARED_SELECTOR = YES;
				GCC_WARN_UNINITIALIZED_AUTOS = YES_AGGRESSIVE;
				GCC_WARN_UNUSED_FUNCTION = YES;
				GCC_WARN_UNUSED_VARIABLE = YES;
				IPHONEOS_DEPLOYMENT_TARGET = 14.5;
				MTL_ENABLE_DEBUG_INFO = INCLUDE_SOURCE;
				MTL_FAST_MATH = YES;
				ONLY_ACTIVE_ARCH = YES;
				SDKROOT = iphoneos;
				SWIFT_ACTIVE_COMPILATION_CONDITIONS = DEBUG;
				SWIFT_OPTIMIZATION_LEVEL = "-Onone";
			};
			name = Debug;
		};
		B445BF50265D9D1C00539A0B /* Release */ = {
			isa = XCBuildConfiguration;
			buildSettings = {
				ALWAYS_SEARCH_USER_PATHS = NO;
				CLANG_ANALYZER_NONNULL = YES;
				CLANG_ANALYZER_NUMBER_OBJECT_CONVERSION = YES_AGGRESSIVE;
				CLANG_CXX_LANGUAGE_STANDARD = "gnu++14";
				CLANG_CXX_LIBRARY = "libc++";
				CLANG_ENABLE_MODULES = YES;
				CLANG_ENABLE_OBJC_ARC = YES;
				CLANG_ENABLE_OBJC_WEAK = YES;
				CLANG_WARN_BLOCK_CAPTURE_AUTORELEASING = YES;
				CLANG_WARN_BOOL_CONVERSION = YES;
				CLANG_WARN_COMMA = YES;
				CLANG_WARN_CONSTANT_CONVERSION = YES;
				CLANG_WARN_DEPRECATED_OBJC_IMPLEMENTATIONS = YES;
				CLANG_WARN_DIRECT_OBJC_ISA_USAGE = YES_ERROR;
				CLANG_WARN_DOCUMENTATION_COMMENTS = YES;
				CLANG_WARN_EMPTY_BODY = YES;
				CLANG_WARN_ENUM_CONVERSION = YES;
				CLANG_WARN_INFINITE_RECURSION = YES;
				CLANG_WARN_INT_CONVERSION = YES;
				CLANG_WARN_NON_LITERAL_NULL_CONVERSION = YES;
				CLANG_WARN_OBJC_IMPLICIT_RETAIN_SELF = YES;
				CLANG_WARN_OBJC_LITERAL_CONVERSION = YES;
				CLANG_WARN_OBJC_ROOT_CLASS = YES_ERROR;
				CLANG_WARN_QUOTED_INCLUDE_IN_FRAMEWORK_HEADER = YES;
				CLANG_WARN_RANGE_LOOP_ANALYSIS = YES;
				CLANG_WARN_STRICT_PROTOTYPES = YES;
				CLANG_WARN_SUSPICIOUS_MOVE = YES;
				CLANG_WARN_UNGUARDED_AVAILABILITY = YES_AGGRESSIVE;
				CLANG_WARN_UNREACHABLE_CODE = YES;
				CLANG_WARN__DUPLICATE_METHOD_MATCH = YES;
				COPY_PHASE_STRIP = NO;
				DEBUG_INFORMATION_FORMAT = "dwarf-with-dsym";
				ENABLE_NS_ASSERTIONS = NO;
				ENABLE_STRICT_OBJC_MSGSEND = YES;
				GCC_C_LANGUAGE_STANDARD = gnu11;
				GCC_NO_COMMON_BLOCKS = YES;
				GCC_WARN_64_TO_32_BIT_CONVERSION = YES;
				GCC_WARN_ABOUT_RETURN_TYPE = YES_ERROR;
				GCC_WARN_UNDECLARED_SELECTOR = YES;
				GCC_WARN_UNINITIALIZED_AUTOS = YES_AGGRESSIVE;
				GCC_WARN_UNUSED_FUNCTION = YES;
				GCC_WARN_UNUSED_VARIABLE = YES;
				IPHONEOS_DEPLOYMENT_TARGET = 14.5;
				MTL_ENABLE_DEBUG_INFO = NO;
				MTL_FAST_MATH = YES;
				SDKROOT = iphoneos;
				SWIFT_COMPILATION_MODE = wholemodule;
				SWIFT_OPTIMIZATION_LEVEL = "-O";
				VALIDATE_PRODUCT = YES;
			};
			name = Release;
		};
		B445BF52265D9D1C00539A0B /* Debug */ = {
			isa = XCBuildConfiguration;
			baseConfigurationReference = 0DC1B80C9CB7D171D6564C61 /* Pods-Cabinet Recipes.debug.xcconfig */;
			buildSettings = {
				ASSETCATALOG_COMPILER_APPICON_NAME = AppIcon;
				ASSETCATALOG_COMPILER_GLOBAL_ACCENT_COLOR_NAME = AccentColor;
				CODE_SIGN_STYLE = Automatic;
				DEVELOPMENT_ASSET_PATHS = "\"Cabinet Recipes/Preview Content\"";
				DEVELOPMENT_TEAM = P3T93QYCQB;
				ENABLE_PREVIEWS = YES;
				INFOPLIST_FILE = "Cabinet Recipes/Info.plist";
				IPHONEOS_DEPLOYMENT_TARGET = 14.0;
				LD_RUNPATH_SEARCH_PATHS = (
					"$(inherited)",
					"@executable_path/Frameworks",
				);
				PRODUCT_BUNDLE_IDENTIFIER = "com.jordanhuffaker.Cabinet-Recipes";
				PRODUCT_NAME = "$(TARGET_NAME)";
				SWIFT_VERSION = 5.0;
				TARGETED_DEVICE_FAMILY = "1,2";
			};
			name = Debug;
		};
		B445BF53265D9D1C00539A0B /* Release */ = {
			isa = XCBuildConfiguration;
			baseConfigurationReference = 2D10680CB56C182265F41367 /* Pods-Cabinet Recipes.release.xcconfig */;
			buildSettings = {
				ASSETCATALOG_COMPILER_APPICON_NAME = AppIcon;
				ASSETCATALOG_COMPILER_GLOBAL_ACCENT_COLOR_NAME = AccentColor;
				CODE_SIGN_STYLE = Automatic;
				DEVELOPMENT_ASSET_PATHS = "\"Cabinet Recipes/Preview Content\"";
				DEVELOPMENT_TEAM = P3T93QYCQB;
				ENABLE_PREVIEWS = YES;
				INFOPLIST_FILE = "Cabinet Recipes/Info.plist";
				IPHONEOS_DEPLOYMENT_TARGET = 14.0;
				LD_RUNPATH_SEARCH_PATHS = (
					"$(inherited)",
					"@executable_path/Frameworks",
				);
				PRODUCT_BUNDLE_IDENTIFIER = "com.jordanhuffaker.Cabinet-Recipes";
				PRODUCT_NAME = "$(TARGET_NAME)";
				SWIFT_VERSION = 5.0;
				TARGETED_DEVICE_FAMILY = "1,2";
			};
			name = Release;
		};
/* End XCBuildConfiguration section */

/* Begin XCConfigurationList section */
		B445BF3D265D9D1500539A0B /* Build configuration list for PBXProject "Cabinet Recipes" */ = {
			isa = XCConfigurationList;
			buildConfigurations = (
				B445BF4F265D9D1C00539A0B /* Debug */,
				B445BF50265D9D1C00539A0B /* Release */,
			);
			defaultConfigurationIsVisible = 0;
			defaultConfigurationName = Release;
		};
		B445BF51265D9D1C00539A0B /* Build configuration list for PBXNativeTarget "Cabinet Recipes" */ = {
			isa = XCConfigurationList;
			buildConfigurations = (
				B445BF52265D9D1C00539A0B /* Debug */,
				B445BF53265D9D1C00539A0B /* Release */,
			);
			defaultConfigurationIsVisible = 0;
			defaultConfigurationName = Release;
		};
/* End XCConfigurationList section */
	};
	rootObject = B445BF3A265D9D1500539A0B /* Project object */;
}
